
Microsoft Visual Studio Solution File, Format Version 12.00
# Visual Studio Version 17
VisualStudioVersion = 17.0.32014.148
MinimumVisualStudioVersion = 10.0.40219.1
Project("{FAE04EC0-301F-11D3-BF4B-00C04F79EFBC}") = "Smtp", "Smtp\Smtp.csproj", "{1656985B-2B4A-433A-9B05-378C1D3A768D}"
EndProject
Global
	GlobalSection(SolutionConfigurationPlatforms) = preSolution
		Debug|Any CPU = Debug|Any CPU
		Release|Any CPU = Release|Any CPU
	EndGlobalSection
	GlobalSection(ProjectConfigurationPlatforms) = postSolution
		{1656985B-2B4A-433A-9B05-378C1D3A768D}.Debug|Any CPU.ActiveCfg = Debug|Any CPU
		{1656985B-2B4A-433A-9B05-378C1D3A768D}.Debug|Any CPU.Build.0 = Debug|Any CPU
		{1656985B-2B4A-433A-9B05-378C1D3A768D}.Release|Any CPU.ActiveCfg = Release|Any CPU
		{1656985B-2B4A-433A-9B05-378C1D3A768D}.Release|Any CPU.Build.0 = Release|Any CPU
	EndGlobalSection
	GlobalSection(SolutionProperties) = preSolution
		HideSolutionNode = FALSE
	EndGlobalSection
	GlobalSection(ExtensibilityGlobals) = postSolution
		SolutionGuid = {17F5C2E2-AFEF-4741-9515-23DFE87675E3}
	EndGlobalSection
EndGlobal
